PODS:
  - Alamofire (5.5.0)
  - IQKeyboardManagerSwift (6.5.11)
  - NVActivityIndicatorView (5.1.1):
    - NVActivityIndicatorView/Base (= 5.1.1)
  - NVActivityIndicatorView/Base (5.1.1)
  - SwiftyJSON (4.3.0)

DEPENDENCIES:
  - Alamofire
  - IQKeyboardManagerSwift
  - NVActivityIndicatorView
  - SwiftyJSON (~> 4.0)

SPEC REPOS:
  trunk:
    - Alamofire
    - IQKeyboardManagerSwift
    - NVActivityIndicatorView
    - SwiftyJSON

SPEC CHECKSUMS:
  Alamofire: 1c4fb5369c3fe93d2857c780d8bbe09f06f97e7c
  IQKeyboardManagerSwift: c7955c0bdbf7b2eb29bb7daaa44e3d90f55a9a85
  NVActivityIndicatorView: 1f6c5687f1171810aa27a3296814dc2d7dec3667
  SwiftyJSON: 6faa0040f8b59dead0ee07436cbf76b73c08fd08

PODFILE CHECKSUM: 7ab7dfa2b361576fae50d39fdab80b9637012b23

COCOAPODS: 1.12.0
