// !$*UTF8*$!
{
	archiveVersion = 1;
	classes = {
	};
	objectVersion = 56;
	objects = {

/* Begin PBXBuildFile section */
		E1F2EE1629CF0B59001E0BF3 /* AppDelegate.swift in Sources */ = {isa = PBXBuildFile; fileRef = E1F2EE1529CF0B59001E0BF3 /* AppDelegate.swift */; };
		E1F2EE1829CF0B59001E0BF3 /* SceneDelegate.swift in Sources */ = {isa = PBXBuildFile; fileRef = E1F2EE1729CF0B59001E0BF3 /* SceneDelegate.swift */; };
		E1F2EE1A29CF0B59001E0BF3 /* ViewController.swift in Sources */ = {isa = PBXBuildFile; fileRef = E1F2EE1929CF0B59001E0BF3 /* ViewController.swift */; };
		E1F2EE1D29CF0B59001E0BF3 /* Main.storyboard in Resources */ = {isa = PBXBuildFile; fileRef = E1F2EE1B29CF0B59001E0BF3 /* Main.storyboard */; };
		E1F2EE1F29CF0B5A001E0BF3 /* Assets.xcassets in Resources */ = {isa = PBXBuildFile; fileRef = E1F2EE1E29CF0B5A001E0BF3 /* Assets.xcassets */; };
		E1F2EE2229CF0B5A001E0BF3 /* LaunchScreen.storyboard in Resources */ = {isa = PBXBuildFile; fileRef = E1F2EE2029CF0B5A001E0BF3 /* LaunchScreen.storyboard */; };
/* End PBXBuildFile section */

/* Begin PBXFileReference section */
		E1F2EE1229CF0B59001E0BF3 /* JDevMusicPlayeriOSApp.app */ = {isa = PBXFileReference; explicitFileType = wrapper.application; includeInIndex = 0; path = JDevMusicPlayeriOSApp.app; sourceTree = BUILT_PRODUCTS_DIR; };
		E1F2EE1529CF0B59001E0BF3 /* AppDelegate.swift */ = {isa = PBXFileReference; lastKnownFileType = sourcecode.swift; path = AppDelegate.swift; sourceTree = "<group>"; };
		E1F2EE1729CF0B59001E0BF3 /* SceneDelegate.swift */ = {isa = PBXFileReference; lastKnownFileType = sourcecode.swift; path = SceneDelegate.swift; sourceTree = "<group>"; };
		E1F2EE1929CF0B59001E0BF3 /* ViewController.swift */ = {isa = PBXFileReference; lastKnownFileType = sourcecode.swift; path = ViewController.swift; sourceTree = "<group>"; };
		E1F2EE1C29CF0B59001E0BF3 /* Base */ = {isa = PBXFileReference; lastKnownFileType = file.storyboard; name = Base; path = Base.lproj/Main.storyboard; sourceTree = "<group>"; };
		E1F2EE1E29CF0B5A001E0BF3 /* Assets.xcassets */ = {isa = PBXFileReference; lastKnownFileType = folder.assetcatalog; path = Assets.xcassets; sourceTree = "<group>"; };
		E1F2EE2129CF0B5A001E0BF3 /* Base */ = {isa = PBXFileReference; lastKnownFileType = file.storyboard; name = Base; path = Base.lproj/LaunchScreen.storyboard; sourceTree = "<group>"; };
		E1F2EE2329CF0B5A001E0BF3 /* Info.plist */ = {isa = PBXFileReference; lastKnownFileType = text.plist.xml; path = Info.plist; sourceTree = "<group>"; };
/* End PBXFileReference section */

/* Begin PBXFrameworksBuildPhase section */
		E1F2EE0F29CF0B59001E0BF3 /* Frameworks */ = {
			isa = PBXFrameworksBuildPhase;
			buildActionMask = 2147483647;
			files = (
			);
			runOnlyForDeploymentPostprocessing = 0;
		};
/* End PBXFrameworksBuildPhase section */

/* Begin PBXGroup section */
		E1F2EE0929CF0B59001E0BF3 = {
			isa = PBXGroup;
			children = (
				E1F2EE1429CF0B59001E0BF3 /* JDevMusicPlayeriOSApp */,
				E1F2EE1329CF0B59001E0BF3 /* Products */,
			);
			sourceTree = "<group>";
		};
		E1F2EE1329CF0B59001E0BF3 /* Products */ = {
			isa = PBXGroup;
			children = (
				E1F2EE1229CF0B59001E0BF3 /* JDevMusicPlayeriOSApp.app */,
			);
			name = Products;
			sourceTree = "<group>";
		};
		E1F2EE1429CF0B59001E0BF3 /* JDevMusicPlayeriOSApp */ = {
			isa = PBXGroup;
			children = (
				E1F2EE2D29CF0D7F001E0BF3 /* App */,
				E1F2EE2C29CF0D48001E0BF3 /* Features */,
				E1F2EE2B29CF0D40001E0BF3 /* Utilities */,
				E1F2EE2A29CF0D38001E0BF3 /* Persistence */,
				E1F2EE2929CF0D31001E0BF3 /* Networking */,
				E1F2EE2329CF0B5A001E0BF3 /* Info.plist */,
			);
			path = JDevMusicPlayeriOSApp;
			sourceTree = "<group>";
		};
		E1F2EE2929CF0D31001E0BF3 /* Networking */ = {
			isa = PBXGroup;
			children = (
			);
			path = Networking;
			sourceTree = "<group>";
		};
		E1F2EE2A29CF0D38001E0BF3 /* Persistence */ = {
			isa = PBXGroup;
			children = (
			);
			path = Persistence;
			sourceTree = "<group>";
		};
		E1F2EE2B29CF0D40001E0BF3 /* Utilities */ = {
			isa = PBXGroup;
			children = (
			);
			path = Utilities;
			sourceTree = "<group>";
		};
		E1F2EE2C29CF0D48001E0BF3 /* Features */ = {
			isa = PBXGroup;
			children = (
			);
			path = Features;
			sourceTree = "<group>";
		};
		E1F2EE2D29CF0D7F001E0BF3 /* App */ = {
			isa = PBXGroup;
			children = (
				E1F2EE1E29CF0B5A001E0BF3 /* Assets.xcassets */,
				E1F2EE2029CF0B5A001E0BF3 /* LaunchScreen.storyboard */,
				E1F2EE1529CF0B59001E0BF3 /* AppDelegate.swift */,
				E1F2EE1729CF0B59001E0BF3 /* SceneDelegate.swift */,
				E1F2EE1929CF0B59001E0BF3 /* ViewController.swift */,
				E1F2EE1B29CF0B59001E0BF3 /* Main.storyboard */,
			);
			path = App;
			sourceTree = "<group>";
		};
/* End PBXGroup section */

/* Begin PBXNativeTarget section */
		E1F2EE1129CF0B59001E0BF3 /* JDevMusicPlayeriOSApp */ = {
			isa = PBXNativeTarget;
			buildConfigurationList = E1F2EE2629CF0B5A001E0BF3 /* Build configuration list for PBXNativeTarget "JDevMusicPlayeriOSApp" */;
			buildPhases = (
				E1F2EE0E29CF0B59001E0BF3 /* Sources */,
				E1F2EE0F29CF0B59001E0BF3 /* Frameworks */,
				E1F2EE1029CF0B59001E0BF3 /* Resources */,
			);
			buildRules = (
			);
			dependencies = (
			);
			name = JDevMusicPlayeriOSApp;
			productName = JDevMusicPlayeriOSApp;
			productReference = E1F2EE1229CF0B59001E0BF3 /* JDevMusicPlayeriOSApp.app */;
			productType = "com.apple.product-type.application";
		};
/* End PBXNativeTarget section */

/* Begin PBXProject section */
		E1F2EE0A29CF0B59001E0BF3 /* Project object */ = {
			isa = PBXProject;
			attributes = {
				BuildIndependentTargetsInParallel = 1;
				LastSwiftUpdateCheck = 1400;
				LastUpgradeCheck = 1400;
				TargetAttributes = {
					E1F2EE1129CF0B59001E0BF3 = {
						CreatedOnToolsVersion = 14.0;
					};
				};
			};
			buildConfigurationList = E1F2EE0D29CF0B59001E0BF3 /* Build configuration list for PBXProject "JDevMusicPlayeriOSApp" */;
			compatibilityVersion = "Xcode 14.0";
			developmentRegion = en;
			hasScannedForEncodings = 0;
			knownRegions = (
				en,
				Base,
			);
			mainGroup = E1F2EE0929CF0B59001E0BF3;
			productRefGroup = E1F2EE1329CF0B59001E0BF3 /* Products */;
			projectDirPath = "";
			projectRoot = "";
			targets = (
				E1F2EE1129CF0B59001E0BF3 /* JDevMusicPlayeriOSApp */,
			);
		};
/* End PBXProject section */

/* Begin PBXResourcesBuildPhase section */
		E1F2EE1029CF0B59001E0BF3 /* Resources */ = {
			isa = PBXResourcesBuildPhase;
			buildActionMask = 2147483647;
			files = (
				E1F2EE2229CF0B5A001E0BF3 /* LaunchScreen.storyboard in Resources */,
				E1F2EE1F29CF0B5A001E0BF3 /* Assets.xcassets in Resources */,
				E1F2EE1D29CF0B59001E0BF3 /* Main.storyboard in Resources */,
			);
			runOnlyForDeploymentPostprocessing = 0;
		};
/* End PBXResourcesBuildPhase section */

/* Begin PBXSourcesBuildPhase section */
		E1F2EE0E29CF0B59001E0BF3 /* Sources */ = {
			isa = PBXSourcesBuildPhase;
			buildActionMask = 2147483647;
			files = (
				E1F2EE1A29CF0B59001E0BF3 /* ViewController.swift in Sources */,
				E1F2EE1629CF0B59001E0BF3 /* AppDelegate.swift in Sources */,
				E1F2EE1829CF0B59001E0BF3 /* SceneDelegate.swift in Sources */,
			);
			runOnlyForDeploymentPostprocessing = 0;
		};
/* End PBXSourcesBuildPhase section */

/* Begin PBXVariantGroup section */
		E1F2EE1B29CF0B59001E0BF3 /* Main.storyboard */ = {
			isa = PBXVariantGroup;
			children = (
				E1F2EE1C29CF0B59001E0BF3 /* Base */,
			);
			name = Main.storyboard;
			sourceTree = "<group>";
		};
		E1F2EE2029CF0B5A001E0BF3 /* LaunchScreen.storyboard */ = {
			isa = PBXVariantGroup;
			children = (
				E1F2EE2129CF0B5A001E0BF3 /* Base */,
			);
			name = LaunchScreen.storyboard;
			sourceTree = "<group>";
		};
/* End PBXVariantGroup section */

/* Begin XCBuildConfiguration section */
		E1F2EE2429CF0B5A001E0BF3 /* Debug */ = {
			isa = XCBuildConfiguration;
			buildSettings = {
				ALWAYS_SEARCH_USER_PATHS = NO;
				CLANG_ANALYZER_NONNULL = YES;
				CLANG_ANALYZER_NUMBER_OBJECT_CONVERSION = YES_AGGRESSIVE;
				CLANG_CXX_LANGUAGE_STANDARD = "gnu++20";
				CLANG_ENABLE_MODULES = YES;
				CLANG_ENABLE_OBJC_ARC = YES;
				CLANG_ENABLE_OBJC_WEAK = YES;
				CLANG_WARN_BLOCK_CAPTURE_AUTORELEASING = YES;
				CLANG_WARN_BOOL_CONVERSION = YES;
				CLANG_WARN_COMMA = YES;
				CLANG_WARN_CONSTANT_CONVERSION = YES;
				CLANG_WARN_DEPRECATED_OBJC_IMPLEMENTATIONS = YES;
				CLANG_WARN_DIRECT_OBJC_ISA_USAGE = YES_ERROR;
				CLANG_WARN_DOCUMENTATION_COMMENTS = YES;
				CLANG_WARN_EMPTY_BODY = YES;
				CLANG_WARN_ENUM_CONVERSION = YES;
				CLANG_WARN_INFINITE_RECURSION = YES;
				CLANG_WARN_INT_CONVERSION = YES;
				CLANG_WARN_NON_LITERAL_NULL_CONVERSION = YES;
				CLANG_WARN_OBJC_IMPLICIT_RETAIN_SELF = YES;
				CLANG_WARN_OBJC_LITERAL_CONVERSION = YES;
				CLANG_WARN_OBJC_ROOT_CLASS = YES_ERROR;
				CLANG_WARN_QUOTED_INCLUDE_IN_FRAMEWORK_HEADER = YES;
				CLANG_WARN_RANGE_LOOP_ANALYSIS = YES;
				CLANG_WARN_STRICT_PROTOTYPES = YES;
				CLANG_WARN_SUSPICIOUS_MOVE = YES;
				CLANG_WARN_UNGUARDED_AVAILABILITY = YES_AGGRESSIVE;
				CLANG_WARN_UNREACHABLE_CODE = YES;
				CLANG_WARN__DUPLICATE_METHOD_MATCH = YES;
				COPY_PHASE_STRIP = NO;
				DEBUG_INFORMATION_FORMAT = dwarf;
				ENABLE_STRICT_OBJC_MSGSEND = YES;
				ENABLE_TESTABILITY = YES;
				GCC_C_LANGUAGE_STANDARD = gnu11;
				GCC_DYNAMIC_NO_PIC = NO;
				GCC_NO_COMMON_BLOCKS = YES;
				GCC_OPTIMIZATION_LEVEL = 0;
				GCC_PREPROCESSOR_DEFINITIONS = (
					"DEBUG=1",
					"$(inherited)",
				);
				GCC_WARN_64_TO_32_BIT_CONVERSION = YES;
				GCC_WARN_ABOUT_RETURN_TYPE = YES_ERROR;
				GCC_WARN_UNDECLARED_SELECTOR = YES;
				GCC_WARN_UNINITIALIZED_AUTOS = YES_AGGRESSIVE;
				GCC_WARN_UNUSED_FUNCTION = YES;
				GCC_WARN_UNUSED_VARIABLE = YES;
				IPHONEOS_DEPLOYMENT_TARGET = 16.0;
				MTL_ENABLE_DEBUG_INFO = INCLUDE_SOURCE;
				MTL_FAST_MATH = YES;
				ONLY_ACTIVE_ARCH = YES;
				SDKROOT = iphoneos;
				SWIFT_ACTIVE_COMPILATION_CONDITIONS = DEBUG;
				SWIFT_OPTIMIZATION_LEVEL = "-Onone";
			};
			name = Debug;
		};
		E1F2EE2529CF0B5A001E0BF3 /* Release */ = {
			isa = XCBuildConfiguration;
			buildSettings = {
				ALWAYS_SEARCH_USER_PATHS = NO;
				CLANG_ANALYZER_NONNULL = YES;
				CLANG_ANALYZER_NUMBER_OBJECT_CONVERSION = YES_AGGRESSIVE;
				CLANG_CXX_LANGUAGE_STANDARD = "gnu++20";
				CLANG_ENABLE_MODULES = YES;
				CLANG_ENABLE_OBJC_ARC = YES;
				CLANG_ENABLE_OBJC_WEAK = YES;
				CLANG_WARN_BLOCK_CAPTURE_AUTORELEASING = YES;
				CLANG_WARN_BOOL_CONVERSION = YES;
				CLANG_WARN_COMMA = YES;
				CLANG_WARN_CONSTANT_CONVERSION = YES;
				CLANG_WARN_DEPRECATED_OBJC_IMPLEMENTATIONS = YES;
				CLANG_WARN_DIRECT_OBJC_ISA_USAGE = YES_ERROR;
				CLANG_WARN_DOCUMENTATION_COMMENTS = YES;
				CLANG_WARN_EMPTY_BODY = YES;
				CLANG_WARN_ENUM_CONVERSION = YES;
				CLANG_WARN_INFINITE_RECURSION = YES;
				CLANG_WARN_INT_CONVERSION = YES;
				CLANG_WARN_NON_LITERAL_NULL_CONVERSION = YES;
				CLANG_WARN_OBJC_IMPLICIT_RETAIN_SELF = YES;
				CLANG_WARN_OBJC_LITERAL_CONVERSION = YES;
				CLANG_WARN_OBJC_ROOT_CLASS = YES_ERROR;
				CLANG_WARN_QUOTED_INCLUDE_IN_FRAMEWORK_HEADER = YES;
				CLANG_WARN_RANGE_LOOP_ANALYSIS = YES;
				CLANG_WARN_STRICT_PROTOTYPES = YES;
				CLANG_WARN_SUSPICIOUS_MOVE = YES;
				CLANG_WARN_UNGUARDED_AVAILABILITY = YES_AGGRESSIVE;
				CLANG_WARN_UNREACHABLE_CODE = YES;
				CLANG_WARN__DUPLICATE_METHOD_MATCH = YES;
				COPY_PHASE_STRIP = NO;
				DEBUG_INFORMATION_FORMAT = "dwarf-with-dsym";
				ENABLE_NS_ASSERTIONS = NO;
				ENABLE_STRICT_OBJC_MSGSEND = YES;
				GCC_C_LANGUAGE_STANDARD = gnu11;
				GCC_NO_COMMON_BLOCKS = YES;
				GCC_WARN_64_TO_32_BIT_CONVERSION = YES;
				GCC_WARN_ABOUT_RETURN_TYPE = YES_ERROR;
				GCC_WARN_UNDECLARED_SELECTOR = YES;
				GCC_WARN_UNINITIALIZED_AUTOS = YES_AGGRESSIVE;
				GCC_WARN_UNUSED_FUNCTION = YES;
				GCC_WARN_UNUSED_VARIABLE = YES;
				IPHONEOS_DEPLOYMENT_TARGET = 16.0;
				MTL_ENABLE_DEBUG_INFO = NO;
				MTL_FAST_MATH = YES;
				SDKROOT = iphoneos;
				SWIFT_COMPILATION_MODE = wholemodule;
				SWIFT_OPTIMIZATION_LEVEL = "-O";
				VALIDATE_PRODUCT = YES;
			};
			name = Release;
		};
		E1F2EE2729CF0B5A001E0BF3 /* Debug */ = {
			isa = XCBuildConfiguration;
			buildSettings = {
				ASSETCATALOG_COMPILER_APPICON_NAME = AppIcon;
				ASSETCATALOG_COMPILER_GLOBAL_ACCENT_COLOR_NAME = AccentColor;
				CODE_SIGN_STYLE = Automatic;
				CURRENT_PROJECT_VERSION = 1;
				DEVELOPMENT_TEAM = JHPZ4264U2;
				GENERATE_INFOPLIST_FILE = YES;
				INFOPLIST_FILE = JDevMusicPlayeriOSApp/Info.plist;
				INFOPLIST_KEY_UIApplicationSupportsIndirectInputEvents = YES;
				INFOPLIST_KEY_UILaunchStoryboardName = LaunchScreen;
				INFOPLIST_KEY_UIMainStoryboardFile = Main;
				INFOPLIST_KEY_UISupportedInterfaceOrientations_iPad = "UIInterfaceOrientationPortrait UIInterfaceOrientationPortraitUpsideDown UIInterfaceOrientationLandscapeLeft UIInterfaceOrientationLandscapeRight";
				INFOPLIST_KEY_UISupportedInterfaceOrientations_iPhone = "UIInterfaceOrientationPortrait UIInterfaceOrientationLandscapeLeft UIInterfaceOrientationLandscapeRight";
				LD_RUNPATH_SEARCH_PATHS = (
					"$(inherited)",
					"@executable_path/Frameworks",
				);
				MARKETING_VERSION = 1.0;
				PRODUCT_BUNDLE_IDENTIFIER = com.alvin.JDevMusicPlayeriOSApp;
				PRODUCT_NAME = "$(TARGET_NAME)";
				SWIFT_EMIT_LOC_STRINGS = YES;
				SWIFT_VERSION = 5.0;
				TARGETED_DEVICE_FAMILY = "1,2";
			};
			name = Debug;
		};
		E1F2EE2829CF0B5A001E0BF3 /* Release */ = {
			isa = XCBuildConfiguration;
			buildSettings = {
				ASSETCATALOG_COMPILER_APPICON_NAME = AppIcon;
				ASSETCATALOG_COMPILER_GLOBAL_ACCENT_COLOR_NAME = AccentColor;
				CODE_SIGN_STYLE = Automatic;
				CURRENT_PROJECT_VERSION = 1;
				DEVELOPMENT_TEAM = JHPZ4264U2;
				GENERATE_INFOPLIST_FILE = YES;
				INFOPLIST_FILE = JDevMusicPlayeriOSApp/Info.plist;
				INFOPLIST_KEY_UIApplicationSupportsIndirectInputEvents = YES;
				INFOPLIST_KEY_UILaunchStoryboardName = LaunchScreen;
				INFOPLIST_KEY_UIMainStoryboardFile = Main;
				INFOPLIST_KEY_UISupportedInterfaceOrientations_iPad = "UIInterfaceOrientationPortrait UIInterfaceOrientationPortraitUpsideDown UIInterfaceOrientationLandscapeLeft UIInterfaceOrientationLandscapeRight";
				INFOPLIST_KEY_UISupportedInterfaceOrientations_iPhone = "UIInterfaceOrientationPortrait UIInterfaceOrientationLandscapeLeft UIInterfaceOrientationLandscapeRight";
				LD_RUNPATH_SEARCH_PATHS = (
					"$(inherited)",
					"@executable_path/Frameworks",
				);
				MARKETING_VERSION = 1.0;
				PRODUCT_BUNDLE_IDENTIFIER = com.alvin.JDevMusicPlayeriOSApp;
				PRODUCT_NAME = "$(TARGET_NAME)";
				SWIFT_EMIT_LOC_STRINGS = YES;
				SWIFT_VERSION = 5.0;
				TARGETED_DEVICE_FAMILY = "1,2";
			};
			name = Release;
		};
/* End XCBuildConfiguration section */

/* Begin XCConfigurationList section */
		E1F2EE0D29CF0B59001E0BF3 /* Build configuration list for PBXProject "JDevMusicPlayeriOSApp" */ = {
			isa = XCConfigurationList;
			buildConfigurations = (
				E1F2EE2429CF0B5A001E0BF3 /* Debug */,
				E1F2EE2529CF0B5A001E0BF3 /* Release */,
			);
			defaultConfigurationIsVisible = 0;
			defaultConfigurationName = Release;
		};
		E1F2EE2629CF0B5A001E0BF3 /* Build configuration list for PBXNativeTarget "JDevMusicPlayeriOSApp" */ = {
			isa = XCConfigurationList;
			buildConfigurations = (
				E1F2EE2729CF0B5A001E0BF3 /* Debug */,
				E1F2EE2829CF0B5A001E0BF3 /* Release */,
			);
			defaultConfigurationIsVisible = 0;
			defaultConfigurationName = Release;
		};
/* End XCConfigurationList section */
	};
	rootObject = E1F2EE0A29CF0B59001E0BF3 /* Project object */;
}
